
Microsoft Visual Studio Solution File, Format Version 12.00
# Visual Studio Version 17
VisualStudioVersion = 17.13.35806.99 d17.13
MinimumVisualStudioVersion = 10.0.40219.1
Project("{FAE04EC0-301F-11D3-BF4B-00C04F79EFBC}") = "TI3", "TI3\TI3.csproj", "{FF684B40-643C-44B5-B71C-C270BAF88517}"
EndProject
Project("{FAE04EC0-301F-11D3-BF4B-00C04F79EFBC}") = "LAlgoritms", "LAlgoritms\LAlgoritms.csproj", "{BBCB6FCE-F3B5-4191-B69B-5BDC324C7F08}"
EndProject
Global
	GlobalSection(SolutionConfigurationPlatforms) = preSolution
		Debug|Any CPU = Debug|Any CPU
		Release|Any CPU = Release|Any CPU
	EndGlobalSection
	GlobalSection(ProjectConfigurationPlatforms) = postSolution
		{FF684B40-643C-44B5-B71C-C270BAF88517}.Debug|Any CPU.ActiveCfg = Debug|Any CPU
		{FF684B40-643C-44B5-B71C-C270BAF88517}.Debug|Any CPU.Build.0 = Debug|Any CPU
		{FF684B40-643C-44B5-B71C-C270BAF88517}.Release|Any CPU.ActiveCfg = Release|Any CPU
		{FF684B40-643C-44B5-B71C-C270BAF88517}.Release|Any CPU.Build.0 = Release|Any CPU
		{BBCB6FCE-F3B5-4191-B69B-5BDC324C7F08}.Debug|Any CPU.ActiveCfg = Debug|Any CPU
		{BBCB6FCE-F3B5-4191-B69B-5BDC324C7F08}.Debug|Any CPU.Build.0 = Debug|Any CPU
		{BBCB6FCE-F3B5-4191-B69B-5BDC324C7F08}.Release|Any CPU.ActiveCfg = Release|Any CPU
		{BBCB6FCE-F3B5-4191-B69B-5BDC324C7F08}.Release|Any CPU.Build.0 = Release|Any CPU
	EndGlobalSection
	GlobalSection(SolutionProperties) = preSolution
		HideSolutionNode = FALSE
	EndGlobalSection
	GlobalSection(ExtensibilityGlobals) = postSolution
		SolutionGuid = {FEAE10A2-0F36-4A8F-B513-E98B0E20815F}
	EndGlobalSection
EndGlobal
